
Microsoft Visual Studio Solution File, Format Version 12.00
# Visual Studio 2013
VisualStudioVersion = 12.0.30501.0
MinimumVisualStudioVersion = 10.0.40219.1
Project("{FAE04EC0-301F-11D3-BF4B-00C04F79EFBC}") = "Repository", "TownMusicEvents\Repository.csproj", "{EFFADF45-BC5A-441E-BD86-0AD4A2C02E71}"
EndProject
Project("{FAE04EC0-301F-11D3-BF4B-00C04F79EFBC}") = "Domain", "Domain\Domain.csproj", "{C9F4D914-F6FB-4E39-A94C-1583244C48FB}"
EndProject
Project("{FAE04EC0-301F-11D3-BF4B-00C04F79EFBC}") = "WebAPI", "WebAPI\WebAPI.csproj", "{6EE28C02-A335-458C-A6AA-A80A12E43D53}"
EndProject
Global
	GlobalSection(SolutionConfigurationPlatforms) = preSolution
		Debug|Any CPU = Debug|Any CPU
		Release|Any CPU = Release|Any CPU
	EndGlobalSection
	GlobalSection(ProjectConfigurationPlatforms) = postSolution
		{EFFADF45-BC5A-441E-BD86-0AD4A2C02E71}.Debug|Any CPU.ActiveCfg = Debug|Any CPU
		{EFFADF45-BC5A-441E-BD86-0AD4A2C02E71}.Debug|Any CPU.Build.0 = Debug|Any CPU
		{EFFADF45-BC5A-441E-BD86-0AD4A2C02E71}.Release|Any CPU.ActiveCfg = Release|Any CPU
		{EFFADF45-BC5A-441E-BD86-0AD4A2C02E71}.Release|Any CPU.Build.0 = Release|Any CPU
		{C9F4D914-F6FB-4E39-A94C-1583244C48FB}.Debug|Any CPU.ActiveCfg = Debug|Any CPU
		{C9F4D914-F6FB-4E39-A94C-1583244C48FB}.Debug|Any CPU.Build.0 = Debug|Any CPU
		{C9F4D914-F6FB-4E39-A94C-1583244C48FB}.Release|Any CPU.ActiveCfg = Release|Any CPU
		{C9F4D914-F6FB-4E39-A94C-1583244C48FB}.Release|Any CPU.Build.0 = Release|Any CPU
		{6EE28C02-A335-458C-A6AA-A80A12E43D53}.Debug|Any CPU.ActiveCfg = Debug|Any CPU
		{6EE28C02-A335-458C-A6AA-A80A12E43D53}.Debug|Any CPU.Build.0 = Debug|Any CPU
		{6EE28C02-A335-458C-A6AA-A80A12E43D53}.Release|Any CPU.ActiveCfg = Release|Any CPU
		{6EE28C02-A335-458C-A6AA-A80A12E43D53}.Release|Any CPU.Build.0 = Release|Any CPU
	EndGlobalSection
	GlobalSection(SolutionProperties) = preSolution
		HideSolutionNode = FALSE
	EndGlobalSection
EndGlobal
